
Microsoft Visual Studio Solution File, Format Version 11.00
# Visual Studio 2010
Project("{FAE04EC0-301F-11D3-BF4B-00C04F79EFBC}") = "sprites", "Assembly-CSharp-firstpass.csproj", "{4CEA79F3-4B47-D9DC-CB00-C1D350C11FC3}"
EndProject
Project("{FAE04EC0-301F-11D3-BF4B-00C04F79EFBC}") = "sprites", "Assembly-CSharp.csproj", "{C96B6371-8346-948B-E043-58B67292926B}"
EndProject
Project("{FAE04EC0-301F-11D3-BF4B-00C04F79EFBC}") = "sprites", "Assembly-CSharp-Editor-firstpass.csproj", "{F2C8CC72-48C9-C82E-48D8-AD1152E356C0}"
EndProject
Global
	GlobalSection(SolutionConfigurationPlatforms) = preSolution
		Debug|Any CPU = Debug|Any CPU
		Release|Any CPU = Release|Any CPU
	EndGlobalSection
	GlobalSection(ProjectConfigurationPlatforms) = postSolution
		{4CEA79F3-4B47-D9DC-CB00-C1D350C11FC3}.Debug|Any CPU.ActiveCfg = Debug|Any CPU
		{4CEA79F3-4B47-D9DC-CB00-C1D350C11FC3}.Debug|Any CPU.Build.0 = Debug|Any CPU
		{4CEA79F3-4B47-D9DC-CB00-C1D350C11FC3}.Release|Any CPU.ActiveCfg = Release|Any CPU
		{4CEA79F3-4B47-D9DC-CB00-C1D350C11FC3}.Release|Any CPU.Build.0 = Release|Any CPU
		{C96B6371-8346-948B-E043-58B67292926B}.Debug|Any CPU.ActiveCfg = Debug|Any CPU
		{C96B6371-8346-948B-E043-58B67292926B}.Debug|Any CPU.Build.0 = Debug|Any CPU
		{C96B6371-8346-948B-E043-58B67292926B}.Release|Any CPU.ActiveCfg = Release|Any CPU
		{C96B6371-8346-948B-E043-58B67292926B}.Release|Any CPU.Build.0 = Release|Any CPU
		{F2C8CC72-48C9-C82E-48D8-AD1152E356C0}.Debug|Any CPU.ActiveCfg = Debug|Any CPU
		{F2C8CC72-48C9-C82E-48D8-AD1152E356C0}.Debug|Any CPU.Build.0 = Debug|Any CPU
		{F2C8CC72-48C9-C82E-48D8-AD1152E356C0}.Release|Any CPU.ActiveCfg = Release|Any CPU
		{F2C8CC72-48C9-C82E-48D8-AD1152E356C0}.Release|Any CPU.Build.0 = Release|Any CPU
	EndGlobalSection
	GlobalSection(SolutionProperties) = preSolution
		HideSolutionNode = FALSE
	EndGlobalSection
	GlobalSection(MonoDevelopProperties) = preSolution
		StartupItem = Assembly-CSharp.csproj
	EndGlobalSection
EndGlobal
